
Microsoft Visual Studio Solution File, Format Version 12.00
# Visual Studio Version 17
VisualStudioVersion = 17.6.33829.357
MinimumVisualStudioVersion = 10.0.40219.1
Project("{9A19103F-16F7-4668-BE54-9A1E7A4F7556}") = "TemplateProject.Blazor.Server", "src\Blazor\TemplateProject.Blazor.Server\TemplateProject.Blazor.Server.csproj", "{B851C443-E70B-42F9-8910-AFFFD9E593CB}"
EndProject
Project("{9A19103F-16F7-4668-BE54-9A1E7A4F7556}") = "TemplateProject.Blazor.Client", "src\Blazor\TemplateProject.Blazor.Client\TemplateProject.Blazor.Client.csproj", "{5ECC6356-3CBB-4A53-8F88-C1443292B907}"
EndProject
Project("{9A19103F-16F7-4668-BE54-9A1E7A4F7556}") = "TemplateProject.Application.Abstractions", "src\Application\TemplateProject.Application.Abstractions\TemplateProject.Application.Abstractions.csproj", "{CB26521F-6F34-4666-8F64-AFDEEADD19B5}"
EndProject
Project("{2150E333-8FDC-42A3-9474-1A3956D46DE8}") = "src", "src", "{E01AE2C4-80A1-4DE9-9BE4-9DBFAD809201}"
EndProject
Project("{2150E333-8FDC-42A3-9474-1A3956D46DE8}") = "Solution Items", "Solution Items", "{642C2CDB-C3EE-4166-ACC7-EACCF77EF4A2}"
	ProjectSection(SolutionItems) = preProject
		readme.md = readme.md
		.gitignore = .gitignore
		CleanObjBinFolders.bat = CleanObjBinFolders.bat
	EndProjectSection
EndProject
Project("{FAE04EC0-301F-11D3-BF4B-00C04F79EFBC}") = "ApplicationHandlers", "src\Common\ApplicationHandlers\ApplicationHandlers.csproj", "{8973EAD2-F8FE-4C30-8105-D10283F228E6}"
EndProject
Project("{2150E333-8FDC-42A3-9474-1A3956D46DE8}") = "Common", "Common", "{62D0D3D6-5554-41B8-A6A0-EFE3C70D4654}"
EndProject
Project("{FAE04EC0-301F-11D3-BF4B-00C04F79EFBC}") = "ApplicationHandlers.Http", "src\Common\ApplicationHandlers.Http\ApplicationHandlers.Http.csproj", "{830AD05A-C673-461C-A4EC-0C1818A45584}"
EndProject
Project("{FAE04EC0-301F-11D3-BF4B-00C04F79EFBC}") = "TemplateProject", "src\Application\TemplateProject\TemplateProject.csproj", "{8F2199EA-B8B6-49CA-BAB9-9E0F21DB3A8D}"
EndProject
Project("{2150E333-8FDC-42A3-9474-1A3956D46DE8}") = "Application", "Application", "{06F4B5CD-276A-401C-AB7E-A4EB933B55F1}"
EndProject
Project("{2150E333-8FDC-42A3-9474-1A3956D46DE8}") = "Blazor", "Blazor", "{B8DF6960-0E3E-40AF-9606-BA4D9FD2C16A}"
EndProject
Project("{FAE04EC0-301F-11D3-BF4B-00C04F79EFBC}") = "TemplateProject.Application", "src\Application\TemplateProject.Application\TemplateProject.Application.csproj", "{63403EED-436D-40FE-A433-87FFB12C3E67}"
EndProject
Global
	GlobalSection(SolutionConfigurationPlatforms) = preSolution
		Debug|Any CPU = Debug|Any CPU
		Release|Any CPU = Release|Any CPU
	EndGlobalSection
	GlobalSection(ProjectConfigurationPlatforms) = postSolution
		{B851C443-E70B-42F9-8910-AFFFD9E593CB}.Debug|Any CPU.ActiveCfg = Debug|Any CPU
		{B851C443-E70B-42F9-8910-AFFFD9E593CB}.Debug|Any CPU.Build.0 = Debug|Any CPU
		{B851C443-E70B-42F9-8910-AFFFD9E593CB}.Release|Any CPU.ActiveCfg = Release|Any CPU
		{B851C443-E70B-42F9-8910-AFFFD9E593CB}.Release|Any CPU.Build.0 = Release|Any CPU
		{5ECC6356-3CBB-4A53-8F88-C1443292B907}.Debug|Any CPU.ActiveCfg = Debug|Any CPU
		{5ECC6356-3CBB-4A53-8F88-C1443292B907}.Debug|Any CPU.Build.0 = Debug|Any CPU
		{5ECC6356-3CBB-4A53-8F88-C1443292B907}.Release|Any CPU.ActiveCfg = Release|Any CPU
		{5ECC6356-3CBB-4A53-8F88-C1443292B907}.Release|Any CPU.Build.0 = Release|Any CPU
		{CB26521F-6F34-4666-8F64-AFDEEADD19B5}.Debug|Any CPU.ActiveCfg = Debug|Any CPU
		{CB26521F-6F34-4666-8F64-AFDEEADD19B5}.Debug|Any CPU.Build.0 = Debug|Any CPU
		{CB26521F-6F34-4666-8F64-AFDEEADD19B5}.Release|Any CPU.ActiveCfg = Release|Any CPU
		{CB26521F-6F34-4666-8F64-AFDEEADD19B5}.Release|Any CPU.Build.0 = Release|Any CPU
		{8973EAD2-F8FE-4C30-8105-D10283F228E6}.Debug|Any CPU.ActiveCfg = Debug|Any CPU
		{8973EAD2-F8FE-4C30-8105-D10283F228E6}.Debug|Any CPU.Build.0 = Debug|Any CPU
		{8973EAD2-F8FE-4C30-8105-D10283F228E6}.Release|Any CPU.ActiveCfg = Release|Any CPU
		{8973EAD2-F8FE-4C30-8105-D10283F228E6}.Release|Any CPU.Build.0 = Release|Any CPU
		{830AD05A-C673-461C-A4EC-0C1818A45584}.Debug|Any CPU.ActiveCfg = Debug|Any CPU
		{830AD05A-C673-461C-A4EC-0C1818A45584}.Debug|Any CPU.Build.0 = Debug|Any CPU
		{830AD05A-C673-461C-A4EC-0C1818A45584}.Release|Any CPU.ActiveCfg = Release|Any CPU
		{830AD05A-C673-461C-A4EC-0C1818A45584}.Release|Any CPU.Build.0 = Release|Any CPU
		{8F2199EA-B8B6-49CA-BAB9-9E0F21DB3A8D}.Debug|Any CPU.ActiveCfg = Debug|Any CPU
		{8F2199EA-B8B6-49CA-BAB9-9E0F21DB3A8D}.Debug|Any CPU.Build.0 = Debug|Any CPU
		{8F2199EA-B8B6-49CA-BAB9-9E0F21DB3A8D}.Release|Any CPU.ActiveCfg = Release|Any CPU
		{8F2199EA-B8B6-49CA-BAB9-9E0F21DB3A8D}.Release|Any CPU.Build.0 = Release|Any CPU
		{63403EED-436D-40FE-A433-87FFB12C3E67}.Debug|Any CPU.ActiveCfg = Debug|Any CPU
		{63403EED-436D-40FE-A433-87FFB12C3E67}.Debug|Any CPU.Build.0 = Debug|Any CPU
		{63403EED-436D-40FE-A433-87FFB12C3E67}.Release|Any CPU.ActiveCfg = Release|Any CPU
		{63403EED-436D-40FE-A433-87FFB12C3E67}.Release|Any CPU.Build.0 = Release|Any CPU
	EndGlobalSection
	GlobalSection(SolutionProperties) = preSolution
		HideSolutionNode = FALSE
	EndGlobalSection
	GlobalSection(NestedProjects) = preSolution
		{62D0D3D6-5554-41B8-A6A0-EFE3C70D4654} = {E01AE2C4-80A1-4DE9-9BE4-9DBFAD809201}
		{8973EAD2-F8FE-4C30-8105-D10283F228E6} = {62D0D3D6-5554-41B8-A6A0-EFE3C70D4654}
		{830AD05A-C673-461C-A4EC-0C1818A45584} = {62D0D3D6-5554-41B8-A6A0-EFE3C70D4654}
		{06F4B5CD-276A-401C-AB7E-A4EB933B55F1} = {E01AE2C4-80A1-4DE9-9BE4-9DBFAD809201}
		{B8DF6960-0E3E-40AF-9606-BA4D9FD2C16A} = {E01AE2C4-80A1-4DE9-9BE4-9DBFAD809201}
		{5ECC6356-3CBB-4A53-8F88-C1443292B907} = {B8DF6960-0E3E-40AF-9606-BA4D9FD2C16A}
		{B851C443-E70B-42F9-8910-AFFFD9E593CB} = {B8DF6960-0E3E-40AF-9606-BA4D9FD2C16A}
		{8F2199EA-B8B6-49CA-BAB9-9E0F21DB3A8D} = {06F4B5CD-276A-401C-AB7E-A4EB933B55F1}
		{CB26521F-6F34-4666-8F64-AFDEEADD19B5} = {06F4B5CD-276A-401C-AB7E-A4EB933B55F1}
		{63403EED-436D-40FE-A433-87FFB12C3E67} = {06F4B5CD-276A-401C-AB7E-A4EB933B55F1}
	EndGlobalSection
	GlobalSection(ExtensibilityGlobals) = postSolution
		SolutionGuid = {53F6558F-0D37-422D-AC52-658E1C4B34CA}
	EndGlobalSection
EndGlobal
